
Microsoft Visual Studio Solution File, Format Version 12.00
# Visual Studio Version 17
VisualStudioVersion = 17.11.35208.52
MinimumVisualStudioVersion = 10.0.40219.1
Project("{FAE04EC0-301F-11D3-BF4B-00C04F79EFBC}") = "Assignment6.4", "Assignment6.4\Assignment6.4.csproj", "{BA2092AF-878B-4458-9552-80CA3271EEED}"
EndProject
Global
	GlobalSection(SolutionConfigurationPlatforms) = preSolution
		Debug|Any CPU = Debug|Any CPU
		Release|Any CPU = Release|Any CPU
	EndGlobalSection
	GlobalSection(ProjectConfigurationPlatforms) = postSolution
		{BA2092AF-878B-4458-9552-80CA3271EEED}.Debug|Any CPU.ActiveCfg = Debug|Any CPU
		{BA2092AF-878B-4458-9552-80CA3271EEED}.Debug|Any CPU.Build.0 = Debug|Any CPU
		{BA2092AF-878B-4458-9552-80CA3271EEED}.Release|Any CPU.ActiveCfg = Release|Any CPU
		{BA2092AF-878B-4458-9552-80CA3271EEED}.Release|Any CPU.Build.0 = Release|Any CPU
	EndGlobalSection
	GlobalSection(SolutionProperties) = preSolution
		HideSolutionNode = FALSE
	EndGlobalSection
	GlobalSection(ExtensibilityGlobals) = postSolution
		SolutionGuid = {D7857763-7783-431F-AEED-F0CFDCE0E48B}
	EndGlobalSection
EndGlobal
